
Microsoft Visual Studio Solution File, Format Version 12.00
# Visual Studio Version 17
VisualStudioVersion = 17.3.32819.101
MinimumVisualStudioVersion = 10.0.40219.1
Project("{FAE04EC0-301F-11D3-BF4B-00C04F79EFBC}") = "Task", "Task\Task.csproj", "{70945B0F-139F-42B5-811F-18AC86B0ED98}"
EndProject
Project("{FAE04EC0-301F-11D3-BF4B-00C04F79EFBC}") = "TestProject1", "TestProject1\TestProject1.csproj", "{8C4BF117-37E9-4881-902D-DF0244E7D64E}"
EndProject
Global
	GlobalSection(SolutionConfigurationPlatforms) = preSolution
		Debug|Any CPU = Debug|Any CPU
		Release|Any CPU = Release|Any CPU
	EndGlobalSection
	GlobalSection(ProjectConfigurationPlatforms) = postSolution
		{70945B0F-139F-42B5-811F-18AC86B0ED98}.Debug|Any CPU.ActiveCfg = Debug|Any CPU
		{70945B0F-139F-42B5-811F-18AC86B0ED98}.Debug|Any CPU.Build.0 = Debug|Any CPU
		{70945B0F-139F-42B5-811F-18AC86B0ED98}.Release|Any CPU.ActiveCfg = Release|Any CPU
		{70945B0F-139F-42B5-811F-18AC86B0ED98}.Release|Any CPU.Build.0 = Release|Any CPU
		{8C4BF117-37E9-4881-902D-DF0244E7D64E}.Debug|Any CPU.ActiveCfg = Debug|Any CPU
		{8C4BF117-37E9-4881-902D-DF0244E7D64E}.Debug|Any CPU.Build.0 = Debug|Any CPU
		{8C4BF117-37E9-4881-902D-DF0244E7D64E}.Release|Any CPU.ActiveCfg = Release|Any CPU
		{8C4BF117-37E9-4881-902D-DF0244E7D64E}.Release|Any CPU.Build.0 = Release|Any CPU
	EndGlobalSection
	GlobalSection(SolutionProperties) = preSolution
		HideSolutionNode = FALSE
	EndGlobalSection
	GlobalSection(ExtensibilityGlobals) = postSolution
		SolutionGuid = {40175D13-22A9-4732-B8CA-CDA9E80972D8}
	EndGlobalSection
EndGlobal
