
Microsoft Visual Studio Solution File, Format Version 12.00
# Visual Studio Version 17
VisualStudioVersion = 17.3.32819.101
MinimumVisualStudioVersion = 10.0.40219.1
Project("{FAE04EC0-301F-11D3-BF4B-00C04F79EFBC}") = "DBCrudOperations", "DBCrudOperations\DBCrudOperations.csproj", "{9705402C-3C5A-435C-976D-998EFE91DFE4}"
EndProject
Global
	GlobalSection(SolutionConfigurationPlatforms) = preSolution
		Debug|Any CPU = Debug|Any CPU
		Release|Any CPU = Release|Any CPU
	EndGlobalSection
	GlobalSection(ProjectConfigurationPlatforms) = postSolution
		{9705402C-3C5A-435C-976D-998EFE91DFE4}.Debug|Any CPU.ActiveCfg = Debug|Any CPU
		{9705402C-3C5A-435C-976D-998EFE91DFE4}.Debug|Any CPU.Build.0 = Debug|Any CPU
		{9705402C-3C5A-435C-976D-998EFE91DFE4}.Release|Any CPU.ActiveCfg = Release|Any CPU
		{9705402C-3C5A-435C-976D-998EFE91DFE4}.Release|Any CPU.Build.0 = Release|Any CPU
	EndGlobalSection
	GlobalSection(SolutionProperties) = preSolution
		HideSolutionNode = FALSE
	EndGlobalSection
	GlobalSection(ExtensibilityGlobals) = postSolution
		SolutionGuid = {38048B57-0B78-454B-9F9A-65464EA94EE5}
	EndGlobalSection
EndGlobal
