
Microsoft Visual Studio Solution File, Format Version 12.00
# Visual Studio Version 17
VisualStudioVersion = 17.3.32819.101
MinimumVisualStudioVersion = 10.0.40219.1
Project("{FAE04EC0-301F-11D3-BF4B-00C04F79EFBC}") = "Assessment_Sept05", "Assessment_Sept05\Assessment_Sept05.csproj", "{394DEFBE-C457-46A5-9927-8020E94DCCC3}"
EndProject
Global
	GlobalSection(SolutionConfigurationPlatforms) = preSolution
		Debug|Any CPU = Debug|Any CPU
		Release|Any CPU = Release|Any CPU
	EndGlobalSection
	GlobalSection(ProjectConfigurationPlatforms) = postSolution
		{394DEFBE-C457-46A5-9927-8020E94DCCC3}.Debug|Any CPU.ActiveCfg = Debug|Any CPU
		{394DEFBE-C457-46A5-9927-8020E94DCCC3}.Debug|Any CPU.Build.0 = Debug|Any CPU
		{394DEFBE-C457-46A5-9927-8020E94DCCC3}.Release|Any CPU.ActiveCfg = Release|Any CPU
		{394DEFBE-C457-46A5-9927-8020E94DCCC3}.Release|Any CPU.Build.0 = Release|Any CPU
	EndGlobalSection
	GlobalSection(SolutionProperties) = preSolution
		HideSolutionNode = FALSE
	EndGlobalSection
	GlobalSection(ExtensibilityGlobals) = postSolution
		SolutionGuid = {ABF1E7D0-8E0B-49AA-A0A4-FB50969842E9}
	EndGlobalSection
EndGlobal
