
Microsoft Visual Studio Solution File, Format Version 12.00
# Visual Studio Version 17
VisualStudioVersion = 17.3.32819.101
MinimumVisualStudioVersion = 10.0.40219.1
Project("{FAE04EC0-301F-11D3-BF4B-00C04F79EFBC}") = "SwitchCase", "SwitchCase\SwitchCase.csproj", "{8D201767-8B43-4EFD-8E26-FBD8FCF2573A}"
EndProject
Global
	GlobalSection(SolutionConfigurationPlatforms) = preSolution
		Debug|Any CPU = Debug|Any CPU
		Release|Any CPU = Release|Any CPU
	EndGlobalSection
	GlobalSection(ProjectConfigurationPlatforms) = postSolution
		{8D201767-8B43-4EFD-8E26-FBD8FCF2573A}.Debug|Any CPU.ActiveCfg = Debug|Any CPU
		{8D201767-8B43-4EFD-8E26-FBD8FCF2573A}.Debug|Any CPU.Build.0 = Debug|Any CPU
		{8D201767-8B43-4EFD-8E26-FBD8FCF2573A}.Release|Any CPU.ActiveCfg = Release|Any CPU
		{8D201767-8B43-4EFD-8E26-FBD8FCF2573A}.Release|Any CPU.Build.0 = Release|Any CPU
	EndGlobalSection
	GlobalSection(SolutionProperties) = preSolution
		HideSolutionNode = FALSE
	EndGlobalSection
	GlobalSection(ExtensibilityGlobals) = postSolution
		SolutionGuid = {A51CC0B2-2637-4E08-9F56-9D3420AAF9B8}
	EndGlobalSection
EndGlobal
