
Microsoft Visual Studio Solution File, Format Version 12.00
# Visual Studio Version 17
VisualStudioVersion = 17.3.32819.101
MinimumVisualStudioVersion = 10.0.40219.1
Project("{FAE04EC0-301F-11D3-BF4B-00C04F79EFBC}") = "EmployeeTask", "EmployeeTask\EmployeeTask.csproj", "{8D3458DC-4416-4CD6-8E69-627B9ED07420}"
EndProject
Project("{FAE04EC0-301F-11D3-BF4B-00C04F79EFBC}") = "PartialClasses", "PartialClasses\PartialClasses.csproj", "{CB795E29-4118-4E49-B420-0ACD0E500500}"
EndProject
Global
	GlobalSection(SolutionConfigurationPlatforms) = preSolution
		Debug|Any CPU = Debug|Any CPU
		Release|Any CPU = Release|Any CPU
	EndGlobalSection
	GlobalSection(ProjectConfigurationPlatforms) = postSolution
		{8D3458DC-4416-4CD6-8E69-627B9ED07420}.Debug|Any CPU.ActiveCfg = Debug|Any CPU
		{8D3458DC-4416-4CD6-8E69-627B9ED07420}.Debug|Any CPU.Build.0 = Debug|Any CPU
		{8D3458DC-4416-4CD6-8E69-627B9ED07420}.Release|Any CPU.ActiveCfg = Release|Any CPU
		{8D3458DC-4416-4CD6-8E69-627B9ED07420}.Release|Any CPU.Build.0 = Release|Any CPU
		{CB795E29-4118-4E49-B420-0ACD0E500500}.Debug|Any CPU.ActiveCfg = Debug|Any CPU
		{CB795E29-4118-4E49-B420-0ACD0E500500}.Debug|Any CPU.Build.0 = Debug|Any CPU
		{CB795E29-4118-4E49-B420-0ACD0E500500}.Release|Any CPU.ActiveCfg = Release|Any CPU
		{CB795E29-4118-4E49-B420-0ACD0E500500}.Release|Any CPU.Build.0 = Release|Any CPU
	EndGlobalSection
	GlobalSection(SolutionProperties) = preSolution
		HideSolutionNode = FALSE
	EndGlobalSection
	GlobalSection(ExtensibilityGlobals) = postSolution
		SolutionGuid = {CC1EDEFA-8BA4-43FA-B614-F8BCBA40B614}
	EndGlobalSection
EndGlobal
