
Microsoft Visual Studio Solution File, Format Version 12.00
# Visual Studio Version 17
VisualStudioVersion = 17.3.32819.101
MinimumVisualStudioVersion = 10.0.40219.1
Project("{FAE04EC0-301F-11D3-BF4B-00C04F79EFBC}") = "Log4netPractice", "Log4netPractice\Log4netPractice.csproj", "{D2B2B83C-8EBE-43C3-8D33-B81095A3EEEE}"
EndProject
Global
	GlobalSection(SolutionConfigurationPlatforms) = preSolution
		Debug|Any CPU = Debug|Any CPU
		Release|Any CPU = Release|Any CPU
	EndGlobalSection
	GlobalSection(ProjectConfigurationPlatforms) = postSolution
		{D2B2B83C-8EBE-43C3-8D33-B81095A3EEEE}.Debug|Any CPU.ActiveCfg = Debug|Any CPU
		{D2B2B83C-8EBE-43C3-8D33-B81095A3EEEE}.Debug|Any CPU.Build.0 = Debug|Any CPU
		{D2B2B83C-8EBE-43C3-8D33-B81095A3EEEE}.Release|Any CPU.ActiveCfg = Release|Any CPU
		{D2B2B83C-8EBE-43C3-8D33-B81095A3EEEE}.Release|Any CPU.Build.0 = Release|Any CPU
	EndGlobalSection
	GlobalSection(SolutionProperties) = preSolution
		HideSolutionNode = FALSE
	EndGlobalSection
	GlobalSection(ExtensibilityGlobals) = postSolution
		SolutionGuid = {A7E4D473-0C9D-4753-9053-A32002914CE5}
	EndGlobalSection
EndGlobal
