
Microsoft Visual Studio Solution File, Format Version 12.00
# Visual Studio Version 17
VisualStudioVersion = 17.3.32819.101
MinimumVisualStudioVersion = 10.0.40219.1
Project("{FAE04EC0-301F-11D3-BF4B-00C04F79EFBC}") = "IndexersPractice", "IndexersPractice\IndexersPractice.csproj", "{DCA5F78D-4240-4A9E-AF34-F5A86DDBF001}"
EndProject
Global
	GlobalSection(SolutionConfigurationPlatforms) = preSolution
		Debug|Any CPU = Debug|Any CPU
		Release|Any CPU = Release|Any CPU
	EndGlobalSection
	GlobalSection(ProjectConfigurationPlatforms) = postSolution
		{DCA5F78D-4240-4A9E-AF34-F5A86DDBF001}.Debug|Any CPU.ActiveCfg = Debug|Any CPU
		{DCA5F78D-4240-4A9E-AF34-F5A86DDBF001}.Debug|Any CPU.Build.0 = Debug|Any CPU
		{DCA5F78D-4240-4A9E-AF34-F5A86DDBF001}.Release|Any CPU.ActiveCfg = Release|Any CPU
		{DCA5F78D-4240-4A9E-AF34-F5A86DDBF001}.Release|Any CPU.Build.0 = Release|Any CPU
	EndGlobalSection
	GlobalSection(SolutionProperties) = preSolution
		HideSolutionNode = FALSE
	EndGlobalSection
	GlobalSection(ExtensibilityGlobals) = postSolution
		SolutionGuid = {EC901F8F-4887-4B00-9111-90235C3673A9}
	EndGlobalSection
EndGlobal
