
Microsoft Visual Studio Solution File, Format Version 12.00
# Visual Studio Version 17
VisualStudioVersion = 17.3.32819.101
MinimumVisualStudioVersion = 10.0.40219.1
Project("{FAE04EC0-301F-11D3-BF4B-00C04F79EFBC}") = "DelegatesPractice", "DelegatesPractice\DelegatesPractice.csproj", "{7B40BEC6-68BF-4E94-9843-E6A79A8B7332}"
EndProject
Project("{FAE04EC0-301F-11D3-BF4B-00C04F79EFBC}") = "DefaultKeyword", "DefaultKeyword\DefaultKeyword.csproj", "{FC2A02C4-A498-4A99-B90E-90B4946ADFDC}"
EndProject
Global
	GlobalSection(SolutionConfigurationPlatforms) = preSolution
		Debug|Any CPU = Debug|Any CPU
		Release|Any CPU = Release|Any CPU
	EndGlobalSection
	GlobalSection(ProjectConfigurationPlatforms) = postSolution
		{7B40BEC6-68BF-4E94-9843-E6A79A8B7332}.Debug|Any CPU.ActiveCfg = Debug|Any CPU
		{7B40BEC6-68BF-4E94-9843-E6A79A8B7332}.Debug|Any CPU.Build.0 = Debug|Any CPU
		{7B40BEC6-68BF-4E94-9843-E6A79A8B7332}.Release|Any CPU.ActiveCfg = Release|Any CPU
		{7B40BEC6-68BF-4E94-9843-E6A79A8B7332}.Release|Any CPU.Build.0 = Release|Any CPU
		{FC2A02C4-A498-4A99-B90E-90B4946ADFDC}.Debug|Any CPU.ActiveCfg = Debug|Any CPU
		{FC2A02C4-A498-4A99-B90E-90B4946ADFDC}.Debug|Any CPU.Build.0 = Debug|Any CPU
		{FC2A02C4-A498-4A99-B90E-90B4946ADFDC}.Release|Any CPU.ActiveCfg = Release|Any CPU
		{FC2A02C4-A498-4A99-B90E-90B4946ADFDC}.Release|Any CPU.Build.0 = Release|Any CPU
	EndGlobalSection
	GlobalSection(SolutionProperties) = preSolution
		HideSolutionNode = FALSE
	EndGlobalSection
	GlobalSection(ExtensibilityGlobals) = postSolution
		SolutionGuid = {2E402097-597A-4B4E-9089-F758C93CD37C}
	EndGlobalSection
EndGlobal
